
Microsoft Visual Studio Solution File, Format Version 12.00
# Visual Studio Version 17
VisualStudioVersion = 17.5.002.0
MinimumVisualStudioVersion = 10.0.40219.1
Project("{9A19103F-16F7-4668-BE54-9A1E7A4F7556}") = "WeatherForecast", "src\WeatherForecast.csproj", "{28E5668D-76D6-4372-850D-954EB2C439BE}"
EndProject
Global
	GlobalSection(SolutionConfigurationPlatforms) = preSolution
		Debug|Any CPU = Debug|Any CPU
		Release|Any CPU = Release|Any CPU
	EndGlobalSection
	GlobalSection(ProjectConfigurationPlatforms) = postSolution
		{28E5668D-76D6-4372-850D-954EB2C439BE}.Debug|Any CPU.ActiveCfg = Debug|Any CPU
		{28E5668D-76D6-4372-850D-954EB2C439BE}.Debug|Any CPU.Build.0 = Debug|Any CPU
		{28E5668D-76D6-4372-850D-954EB2C439BE}.Release|Any CPU.ActiveCfg = Release|Any CPU
		{28E5668D-76D6-4372-850D-954EB2C439BE}.Release|Any CPU.Build.0 = Release|Any CPU
	EndGlobalSection
	GlobalSection(SolutionProperties) = preSolution
		HideSolutionNode = FALSE
	EndGlobalSection
	GlobalSection(ExtensibilityGlobals) = postSolution
		SolutionGuid = {D90CE2C7-DAEB-4BD4-819B-9940CB4833EE}
	EndGlobalSection
EndGlobal
